github.com/deepgram/deepgram-go-sdk v1.8.2 h1:+Jy5wIP37E3DVVpEj7XEjAEclG5zMtvr0HuWrVE73bk=
github.com/deepgram/deepgram-go-sdk v1.8.2/go.mod h1:il+6HLmvxa47EG12LG6VwzaHcyI8Lo+yfBsOcDq3R8s=
github.com/go-logr/logr v1.3.0 h1:2y3SDp0ZXuc6/cjLSZ+Q3ir+QB9T/iG5yYRXqsagWSY=
github.com/go-logr/logr v1.3.0/go.mod h1:9T104GzyrTigFIr8wt5mBrctHMim0Nb2HLGrmQ40KvY=
k8s.io/klog/v2 v2.110.1 h1:U/Af64HJf7FcwMcXyKm2RPM22WZzyR7OSpYj5tg3cL0=
k8s.io/klog/v2 v2.110.1/go.mod h1:YGtd1984u+GgbuZ7e08/yBuAfKLSO0+uR1Fhi6ExXjo=
